
Microsoft Visual Studio Solution File, Format Version 12.00
# Visual Studio Version 17
VisualStudioVersion = 17.8.34525.116
MinimumVisualStudioVersion = 10.0.40219.1
Project("{FAE04EC0-301F-11D3-BF4B-00C04F79EFBC}") = "StorySpoiler", "StorySpoiler\StorySpoiler.csproj", "{B4C017D3-D329-49E6-BC3B-6E2B781043F6}"
EndProject
Global
	GlobalSection(SolutionConfigurationPlatforms) = preSolution
		Debug|Any CPU = Debug|Any CPU
		Release|Any CPU = Release|Any CPU
	EndGlobalSection
	GlobalSection(ProjectConfigurationPlatforms) = postSolution
		{B4C017D3-D329-49E6-BC3B-6E2B781043F6}.Debug|Any CPU.ActiveCfg = Debug|Any CPU
		{B4C017D3-D329-49E6-BC3B-6E2B781043F6}.Debug|Any CPU.Build.0 = Debug|Any CPU
		{B4C017D3-D329-49E6-BC3B-6E2B781043F6}.Release|Any CPU.ActiveCfg = Release|Any CPU
		{B4C017D3-D329-49E6-BC3B-6E2B781043F6}.Release|Any CPU.Build.0 = Release|Any CPU
	EndGlobalSection
	GlobalSection(SolutionProperties) = preSolution
		HideSolutionNode = FALSE
	EndGlobalSection
	GlobalSection(ExtensibilityGlobals) = postSolution
		SolutionGuid = {00C72A3A-FFCB-4A1E-91BC-3A37EBE093A0}
	EndGlobalSection
EndGlobal
